
Microsoft Visual Studio Solution File, Format Version 12.00
# Visual Studio Version 17
VisualStudioVersion = 17.0.31903.59
MinimumVisualStudioVersion = 10.0.40219.1
Project("{FAE04EC0-301F-11D3-BF4B-00C04F79EFBC}") = "Core", "Core\Core.csproj", "{718863BC-4687-40CB-B867-D9E857FB94F7}"
EndProject
Project("{FAE04EC0-301F-11D3-BF4B-00C04F79EFBC}") = "Cli", "Cli\Cli.csproj", "{9AE8389B-B02C-4708-B445-BCA22985FD67}"
EndProject
Project("{FAE04EC0-301F-11D3-BF4B-00C04F79EFBC}") = "Gui", "Gui\Gui.csproj", "{78F0649D-04D9-4E56-AAF9-473CB660CD48}"
EndProject
Project("{FAE04EC0-301F-11D3-BF4B-00C04F79EFBC}") = "Memo", "Memo\Memo.csproj", "{9F869CD7-EFE2-4DDF-B9D4-615A09398FC3}"
EndProject
Global
	GlobalSection(SolutionConfigurationPlatforms) = preSolution
		Debug|Any CPU = Debug|Any CPU
		Release|Any CPU = Release|Any CPU
	EndGlobalSection
	GlobalSection(SolutionProperties) = preSolution
		HideSolutionNode = FALSE
	EndGlobalSection
	GlobalSection(ProjectConfigurationPlatforms) = postSolution
		{718863BC-4687-40CB-B867-D9E857FB94F7}.Debug|Any CPU.ActiveCfg = Debug|Any CPU
		{718863BC-4687-40CB-B867-D9E857FB94F7}.Debug|Any CPU.Build.0 = Debug|Any CPU
		{718863BC-4687-40CB-B867-D9E857FB94F7}.Release|Any CPU.ActiveCfg = Release|Any CPU
		{718863BC-4687-40CB-B867-D9E857FB94F7}.Release|Any CPU.Build.0 = Release|Any CPU
		{9AE8389B-B02C-4708-B445-BCA22985FD67}.Debug|Any CPU.ActiveCfg = Debug|Any CPU
		{9AE8389B-B02C-4708-B445-BCA22985FD67}.Debug|Any CPU.Build.0 = Debug|Any CPU
		{9AE8389B-B02C-4708-B445-BCA22985FD67}.Release|Any CPU.ActiveCfg = Release|Any CPU
		{9AE8389B-B02C-4708-B445-BCA22985FD67}.Release|Any CPU.Build.0 = Release|Any CPU
		{78F0649D-04D9-4E56-AAF9-473CB660CD48}.Debug|Any CPU.ActiveCfg = Debug|Any CPU
		{78F0649D-04D9-4E56-AAF9-473CB660CD48}.Debug|Any CPU.Build.0 = Debug|Any CPU
		{78F0649D-04D9-4E56-AAF9-473CB660CD48}.Release|Any CPU.ActiveCfg = Release|Any CPU
		{78F0649D-04D9-4E56-AAF9-473CB660CD48}.Release|Any CPU.Build.0 = Release|Any CPU
		{9F869CD7-EFE2-4DDF-B9D4-615A09398FC3}.Debug|Any CPU.ActiveCfg = Debug|Any CPU
		{9F869CD7-EFE2-4DDF-B9D4-615A09398FC3}.Debug|Any CPU.Build.0 = Debug|Any CPU
		{9F869CD7-EFE2-4DDF-B9D4-615A09398FC3}.Release|Any CPU.ActiveCfg = Release|Any CPU
		{9F869CD7-EFE2-4DDF-B9D4-615A09398FC3}.Release|Any CPU.Build.0 = Release|Any CPU
	EndGlobalSection
EndGlobal
